lockfileVersion: '9.0'

settings:
  autoInstallPeers: true
  excludeLinksFromLockfile: false

importers:

  .:
    dependencies:
      '@huggingface/inference':
        specifier: ^4.13.2
        version: 4.13.2

packages:

  '@huggingface/inference@4.13.2':
    resolution: {integrity: sha512-cqs/2Ni3nTiE/iIsaC4gvZboXS/4FFItL+/1WMaP8PFQEpoH1V8bjFodNvkzzFthIxuYziD9tr0N28Db2iE/zQ==}
    engines: {node: '>=18'}

  '@huggingface/jinja@0.5.1':
    resolution: {integrity: sha512-yUZLld4lrM9iFxHCwFQ7D1HW2MWMwSbeB7WzWqFYDWK+rEb+WldkLdAJxUPOmgICMHZLzZGVcVjFh3w/YGubng==}
    engines: {node: '>=18'}

  '@huggingface/tasks@0.19.63':
    resolution: {integrity: sha512-hmd8e5fdjRiIJE7/EYWXS+Pm2SAu89xjZEgfZddN10ubWqlelXLyj2YgHZrVDEVkVA+5+ImMZUpQIez7b2//fw==}

snapshots:

  '@huggingface/inference@4.13.2':
    dependencies:
      '@huggingface/jinja': 0.5.1
      '@huggingface/tasks': 0.19.63

  '@huggingface/jinja@0.5.1': {}

  '@huggingface/tasks@0.19.63': {}
